{
  "originHash" : "1616a0f728a417c7e5b60df2d9a49efaa4b247ca37817a53279dcfdf706395e5",
  "pins" : [
    {
      "identity" : "fluidaudio",
      "kind" : "remoteSourceControl",
      "location" : "https://github.com/FluidInference/FluidAudio.git",
      "state" : {
        "revision" : "b811a61569aa02691c99b808d08ee989b630c133",
        "version" : "0.16.1"
      }
    },
    {
      "identity" : "fluiduse",
      "kind" : "remoteSourceControl",
      "location" : "https://github.com/FluidInference/FluidUse.git",
      "state" : {
        "revision" : "5bcc83d8b5c8deac6e5d46c447c8cf05ae7c1de6",
        "version" : "0.2.0"
      }
    }
  ],
  "version" : 3
}
